// !$*UTF8*$!
{
	archiveVersion = 1;
	classes = {
	};
	objectVersion = 46;
	objects = {

/* Begin PBXBuildFile section */
		03C5EDFE1B202BD7008BDDEC /* main.m in Sources */ = {isa = PBXBuildFile; fileRef = 03C5EDFD1B202BD7008BDDEC /* main.m */; };
		03C5EE011B202BD7008BDDEC /* AppDelegate.m in Sources */ = {isa = PBXBuildFile; fileRef = 03C5EE001B202BD7008BDDEC /* AppDelegate.m */; };
		03C5EE041B202BD7008BDDEC /* ViewController.m in Sources */ = {isa = PBXBuildFile; fileRef = 03C5EE031B202BD7008BDDEC /* ViewController.m */; };
		03C5EE071B202BD7008BDDEC /* Main.storyboard in Resources */ = {isa = PBXBuildFile; fileRef = 03C5EE051B202BD7008BDDEC /* Main.storyboard */; };
		03C5EE091B202BD7008BDDEC /* Images.xcassets in Resources */ = {isa = PBXBuildFile; fileRef = 03C5EE081B202BD7008BDDEC /* Images.xcassets */; };
		03C5EE0C1B202BD7008BDDEC /* LaunchScreen.xib in Resources */ = {isa = PBXBuildFile; fileRef = 03C5EE0A1B202BD7008BDDEC /* LaunchScreen.xib */; };
		03C5EE181B202BD7008BDDEC /* RecordsOfConsumptionTests.m in Sources */ = {isa = PBXBuildFile; fileRef = 03C5EE171B202BD7008BDDEC /* RecordsOfConsumptionTests.m */; };
/* End PBXBuildFile section */

/* Begin PBXContainerItemProxy section */
		03C5EE121B202BD7008BDDEC /* PBXContainerItemProxy */ = {
			isa = PBXContainerItemProxy;
			containerPortal = 03C5EDF01B202BD7008BDDEC /* Project object */;
			proxyType = 1;
			remoteGlobalIDString = 03C5EDF71B202BD7008BDDEC;
			remoteInfo = RecordsOfConsumption;
		};
/* End PBXContainerItemProxy section */

/* Begin PBXFileReference section */
		03C5EDF81B202BD7008BDDEC /* RecordsOfConsumption.app */ = {isa = PBXFileReference; explicitFileType = wrapper.application; includeInIndex = 0; path = RecordsOfConsumption.app; sourceTree = BUILT_PRODUCTS_DIR; };
		03C5EDFC1B202BD7008BDDEC /* Info.plist */ = {isa = PBXFileReference; lastKnownFileType = text.plist.xml; path = Info.plist; sourceTree = "<group>"; };
		03C5EDFD1B202BD7008BDDEC /* main.m */ = {isa = PBXFileReference; lastKnownFileType = sourcecode.c.objc; path = main.m; sourceTree = "<group>"; };
		03C5EDFF1B202BD7008BDDEC /* AppDelegate.h */ = {isa = PBXFileReference; lastKnownFileType = sourcecode.c.h; path = AppDelegate.h; sourceTree = "<group>"; };
		03C5EE001B202BD7008BDDEC /* AppDelegate.m */ = {isa = PBXFileReference; lastKnownFileType = sourcecode.c.objc; path = AppDelegate.m; sourceTree = "<group>"; };
		03C5EE021B202BD7008BDDEC /* ViewController.h */ = {isa = PBXFileReference; lastKnownFileType = sourcecode.c.h; path = ViewController.h; sourceTree = "<group>"; };
		03C5EE031B202BD7008BDDEC /* ViewController.m */ = {isa = PBXFileReference; lastKnownFileType = sourcecode.c.objc; path = ViewController.m; sourceTree = "<group>"; };
		03C5EE061B202BD7008BDDEC /* Base */ = {isa = PBXFileReference; lastKnownFileType = file.storyboard; name = Base; path = Base.lproj/Main.storyboard; sourceTree = "<group>"; };
		03C5EE081B202BD7008BDDEC /* Images.xcassets */ = {isa = PBXFileReference; lastKnownFileType = folder.assetcatalog; path = Images.xcassets; sourceTree = "<group>"; };
		03C5EE0B1B202BD7008BDDEC /* Base */ = {isa = PBXFileReference; lastKnownFileType = file.xib; name = Base; path = Base.lproj/LaunchScreen.xib; sourceTree = "<group>"; };
		03C5EE111B202BD7008BDDEC /* RecordsOfConsumptionTests.xctest */ = {isa = PBXFileReference; explicitFileType = wrapper.cfbundle; includeInIndex = 0; path = RecordsOfConsumptionTests.xctest; sourceTree = BUILT_PRODUCTS_DIR; };
		03C5EE161B202BD7008BDDEC /* Info.plist */ = {isa = PBXFileReference; lastKnownFileType = text.plist.xml; path = Info.plist; sourceTree = "<group>"; };
		03C5EE171B202BD7008BDDEC /* RecordsOfConsumptionTests.m */ = {isa = PBXFileReference; lastKnownFileType = sourcecode.c.objc; path = RecordsOfConsumptionTests.m; sourceTree = "<group>"; };
/* End PBXFileReference section */

/* Begin PBXFrameworksBuildPhase section */
		03C5EDF51B202BD7008BDDEC /* Frameworks */ = {
			isa = PBXFrameworksBuildPhase;
			buildActionMask = 2147483647;
			files = (
			);
			runOnlyForDeploymentPostprocessing = 0;
		};
		03C5EE0E1B202BD7008BDDEC /* Frameworks */ = {
			isa = PBXFrameworksBuildPhase;
			buildActionMask = 2147483647;
			files = (
			);
			runOnlyForDeploymentPostprocessing = 0;
		};
/* End PBXFrameworksBuildPhase section */

/* Begin PBXGroup section */
		03C5EDEF1B202BD7008BDDEC = {
			isa = PBXGroup;
			children = (
				03C5EDFA1B202BD7008BDDEC /* RecordsOfConsumption */,
				03C5EE141B202BD7008BDDEC /* RecordsOfConsumptionTests */,
				03C5EDF91B202BD7008BDDEC /* Products */,
			);
			sourceTree = "<group>";
		};
		03C5EDF91B202BD7008BDDEC /* Products */ = {
			isa = PBXGroup;
			children = (
				03C5EDF81B202BD7008BDDEC /* RecordsOfConsumption.app */,
				03C5EE111B202BD7008BDDEC /* RecordsOfConsumptionTests.xctest */,
			);
			name = Products;
			sourceTree = "<group>";
		};
		03C5EDFA1B202BD7008BDDEC /* RecordsOfConsumption */ = {
			isa = PBXGroup;
			children = (
				03C5EDFF1B202BD7008BDDEC /* AppDelegate.h */,
				03C5EE001B202BD7008BDDEC /* AppDelegate.m */,
				03C5EE021B202BD7008BDDEC /* ViewController.h */,
				03C5EE031B202BD7008BDDEC /* ViewController.m */,
				03C5EE051B202BD7008BDDEC /* Main.storyboard */,
				03C5EE081B202BD7008BDDEC /* Images.xcassets */,
				03C5EE0A1B202BD7008BDDEC /* LaunchScreen.xib */,
				03C5EDFB1B202BD7008BDDEC /* Supporting Files */,
			);
			path = RecordsOfConsumption;
			sourceTree = "<group>";
		};
		03C5EDFB1B202BD7008BDDEC /* Supporting Files */ = {
			isa = PBXGroup;
			children = (
				03C5EDFC1B202BD7008BDDEC /* Info.plist */,
				03C5EDFD1B202BD7008BDDEC /* main.m */,
			);
			name = "Supporting Files";
			sourceTree = "<group>";
		};
		03C5EE141B202BD7008BDDEC /* RecordsOfConsumptionTests */ = {
			isa = PBXGroup;
			children = (
				03C5EE171B202BD7008BDDEC /* RecordsOfConsumptionTests.m */,
				03C5EE151B202BD7008BDDEC /* Supporting Files */,
			);
			path = RecordsOfConsumptionTests;
			sourceTree = "<group>";
		};
		03C5EE151B202BD7008BDDEC /* Supporting Files */ = {
			isa = PBXGroup;
			children = (
				03C5EE161B202BD7008BDDEC /* Info.plist */,
			);
			name = "Supporting Files";
			sourceTree = "<group>";
		};
/* End PBXGroup section */

/* Begin PBXNativeTarget section */
		03C5EDF71B202BD7008BDDEC /* RecordsOfConsumption */ = {
			isa = PBXNativeTarget;
			buildConfigurationList = 03C5EE1B1B202BD7008BDDEC /* Build configuration list for PBXNativeTarget "RecordsOfConsumption" */;
			buildPhases = (
				03C5EDF41B202BD7008BDDEC /* Sources */,
				03C5EDF51B202BD7008BDDEC /* Frameworks */,
				03C5EDF61B202BD7008BDDEC /* Resources */,
			);
			buildRules = (
			);
			dependencies = (
			);
			name = RecordsOfConsumption;
			productName = RecordsOfConsumption;
			productReference = 03C5EDF81B202BD7008BDDEC /* RecordsOfConsumption.app */;
			productType = "com.apple.product-type.application";
		};
		03C5EE101B202BD7008BDDEC /* RecordsOfConsumptionTests */ = {
			isa = PBXNativeTarget;
			buildConfigurationList = 03C5EE1E1B202BD7008BDDEC /* Build configuration list for PBXNativeTarget "RecordsOfConsumptionTests" */;
			buildPhases = (
				03C5EE0D1B202BD7008BDDEC /* Sources */,
				03C5EE0E1B202BD7008BDDEC /* Frameworks */,
				03C5EE0F1B202BD7008BDDEC /* Resources */,
			);
			buildRules = (
			);
			dependencies = (
				03C5EE131B202BD7008BDDEC /* PBXTargetDependency */,
			);
			name = RecordsOfConsumptionTests;
			productName = RecordsOfConsumptionTests;
			productReference = 03C5EE111B202BD7008BDDEC /* RecordsOfConsumptionTests.xctest */;
			productType = "com.apple.product-type.bundle.unit-test";
		};
/* End PBXNativeTarget section */

/* Begin PBXProject section */
		03C5EDF01B202BD7008BDDEC /* Project object */ = {
			isa = PBXProject;
			attributes = {
				LastUpgradeCheck = 0630;
				ORGANIZATIONNAME = xuhui;
				TargetAttributes = {
					03C5EDF71B202BD7008BDDEC = {
						CreatedOnToolsVersion = 6.3.1;
					};
					03C5EE101B202BD7008BDDEC = {
						CreatedOnToolsVersion = 6.3.1;
						TestTargetID = 03C5EDF71B202BD7008BDDEC;
					};
				};
			};
			buildConfigurationList = 03C5EDF31B202BD7008BDDEC /* Build configuration list for PBXProject "RecordsOfConsumption" */;
			compatibilityVersion = "Xcode 3.2";
			developmentRegion = English;
			hasScannedForEncodings = 0;
			knownRegions = (
				en,
				Base,
			);
			mainGroup = 03C5EDEF1B202BD7008BDDEC;
			productRefGroup = 03C5EDF91B202BD7008BDDEC /* Products */;
			projectDirPath = "";
			projectRoot = "";
			targets = (
				03C5EDF71B202BD7008BDDEC /* RecordsOfConsumption */,
				03C5EE101B202BD7008BDDEC /* RecordsOfConsumptionTests */,
			);
		};
/* End PBXProject section */

/* Begin PBXResourcesBuildPhase section */
		03C5EDF61B202BD7008BDDEC /* Resources */ = {
			isa = PBXResourcesBuildPhase;
			buildActionMask = 2147483647;
			files = (
				03C5EE071B202BD7008BDDEC /* Main.storyboard in Resources */,
				03C5EE0C1B202BD7008BDDEC /* LaunchScreen.xib in Resources */,
				03C5EE091B202BD7008BDDEC /* Images.xcassets in Resources */,
			);
			runOnlyForDeploymentPostprocessing = 0;
		};
		03C5EE0F1B202BD7008BDDEC /* Resources */ = {
			isa = PBXResourcesBuildPhase;
			buildActionMask = 2147483647;
			files = (
			);
			runOnlyForDeploymentPostprocessing = 0;
		};
/* End PBXResourcesBuildPhase section */

/* Begin PBXSourcesBuildPhase section */
		03C5EDF41B202BD7008BDDEC /* Sources */ = {
			isa = PBXSourcesBuildPhase;
			buildActionMask = 2147483647;
			files = (
				03C5EE041B202BD7008BDDEC /* ViewController.m in Sources */,
				03C5EE011B202BD7008BDDEC /* AppDelegate.m in Sources */,
				03C5EDFE1B202BD7008BDDEC /* main.m in Sources */,
			);
			runOnlyForDeploymentPostprocessing = 0;
		};
		03C5EE0D1B202BD7008BDDEC /* Sources */ = {
			isa = PBXSourcesBuildPhase;
			buildActionMask = 2147483647;
			files = (
				03C5EE181B202BD7008BDDEC /* RecordsOfConsumptionTests.m in Sources */,
			);
			runOnlyForDeploymentPostprocessing = 0;
		};
/* End PBXSourcesBuildPhase section */

/* Begin PBXTargetDependency section */
		03C5EE131B202BD7008BDDEC /* PBXTargetDependency */ = {
			isa = PBXTargetDependency;
			target = 03C5EDF71B202BD7008BDDEC /* RecordsOfConsumption */;
			targetProxy = 03C5EE121B202BD7008BDDEC /* PBXContainerItemProxy */;
		};
/* End PBXTargetDependency section */

/* Begin PBXVariantGroup section */
		03C5EE051B202BD7008BDDEC /* Main.storyboard */ = {
			isa = PBXVariantGroup;
			children = (
				03C5EE061B202BD7008BDDEC /* Base */,
			);
			name = Main.storyboard;
			sourceTree = "<group>";
		};
		03C5EE0A1B202BD7008BDDEC /* LaunchScreen.xib */ = {
			isa = PBXVariantGroup;
			children = (
				03C5EE0B1B202BD7008BDDEC /* Base */,
			);
			name = LaunchScreen.xib;
			sourceTree = "<group>";
		};
/* End PBXVariantGroup section */

/* Begin XCBuildConfiguration section */
		03C5EE191B202BD7008BDDEC /* Debug */ = {
			isa = XCBuildConfiguration;
			buildSettings = {
				ALWAYS_SEARCH_USER_PATHS = NO;
				CLANG_CXX_LANGUAGE_STANDARD = "gnu++0x";
				CLANG_CXX_LIBRARY = "libc++";
				CLANG_ENABLE_MODULES = YES;
				CLANG_ENABLE_OBJC_ARC = YES;
				CLANG_WARN_BOOL_CONVERSION = YES;
				CLANG_WARN_CONSTANT_CONVERSION = YES;
				CLANG_WARN_DIRECT_OBJC_ISA_USAGE = YES_ERROR;
				CLANG_WARN_EMPTY_BODY = YES;
				CLANG_WARN_ENUM_CONVERSION = YES;
				CLANG_WARN_INT_CONVERSION = YES;
				CLANG_WARN_OBJC_ROOT_CLASS = YES_ERROR;
				CLANG_WARN_UNREACHABLE_CODE = YES;
				CLANG_WARN__DUPLICATE_METHOD_MATCH = YES;
				"CODE_SIGN_IDENTITY[sdk=iphoneos*]" = "iPhone Developer";
				COPY_PHASE_STRIP = NO;
				DEBUG_INFORMATION_FORMAT = "dwarf-with-dsym";
				ENABLE_STRICT_OBJC_MSGSEND = YES;
				GCC_C_LANGUAGE_STANDARD = gnu99;
				GCC_DYNAMIC_NO_PIC = NO;
				GCC_NO_COMMON_BLOCKS = YES;
				GCC_OPTIMIZATION_LEVEL = 0;
				GCC_PREPROCESSOR_DEFINITIONS = (
					"DEBUG=1",
					"$(inherited)",
				);
				GCC_SYMBOLS_PRIVATE_EXTERN = NO;
				GCC_WARN_64_TO_32_BIT_CONVERSION = YES;
				GCC_WARN_ABOUT_RETURN_TYPE = YES_ERROR;
				GCC_WARN_UNDECLARED_SELECTOR = YES;
				GCC_WARN_UNINITIALIZED_AUTOS = YES_AGGRESSIVE;
				GCC_WARN_UNUSED_FUNCTION = YES;
				GCC_WARN_UNUSED_VARIABLE = YES;
				IPHONEOS_DEPLOYMENT_TARGET = 8.3;
				MTL_ENABLE_DEBUG_INFO = YES;
				ONLY_ACTIVE_ARCH = YES;
				SDKROOT = iphoneos;
			};
			name = Debug;
		};
		03C5EE1A1B202BD7008BDDEC /* Release */ = {
			isa = XCBuildConfiguration;
			buildSettings = {
				ALWAYS_SEARCH_USER_PATHS = NO;
				CLANG_CXX_LANGUAGE_STANDARD = "gnu++0x";
				CLANG_CXX_LIBRARY = "libc++";
				CLANG_ENABLE_MODULES = YES;
				CLANG_ENABLE_OBJC_ARC = YES;
				CLANG_WARN_BOOL_CONVERSION = YES;
				CLANG_WARN_CONSTANT_CONVERSION = YES;
				CLANG_WARN_DIRECT_OBJC_ISA_USAGE = YES_ERROR;
				CLANG_WARN_EMPTY_BODY = YES;
				CLANG_WARN_ENUM_CONVERSION = YES;
				CLANG_WARN_INT_CONVERSION = YES;
				CLANG_WARN_OBJC_ROOT_CLASS = YES_ERROR;
				CLANG_WARN_UNREACHABLE_CODE = YES;
				CLANG_WARN__DUPLICATE_METHOD_MATCH = YES;
				"CODE_SIGN_IDENTITY[sdk=iphoneos*]" = "iPhone Developer";
				COPY_PHASE_STRIP = NO;
				DEBUG_INFORMATION_FORMAT = "dwarf-with-dsym";
				ENABLE_NS_ASSERTIONS = NO;
				ENABLE_STRICT_OBJC_MSGSEND = YES;
				GCC_C_LANGUAGE_STANDARD = gnu99;
				GCC_NO_COMMON_BLOCKS = YES;
				GCC_WARN_64_TO_32_BIT_CONVERSION = YES;
				GCC_WARN_ABOUT_RETURN_TYPE = YES_ERROR;
				GCC_WARN_UNDECLARED_SELECTOR = YES;
				GCC_WARN_UNINITIALIZED_AUTOS = YES_AGGRESSIVE;
				GCC_WARN_UNUSED_FUNCTION = YES;
				GCC_WARN_UNUSED_VARIABLE = YES;
				IPHONEOS_DEPLOYMENT_TARGET = 8.3;
				MTL_ENABLE_DEBUG_INFO = NO;
				SDKROOT = iphoneos;
				VALIDATE_PRODUCT = YES;
			};
			name = Release;
		};
		03C5EE1C1B202BD7008BDDEC /* Debug */ = {
			isa = XCBuildConfiguration;
			buildSettings = {
				ASSETCATALOG_COMPILER_APPICON_NAME = AppIcon;
				INFOPLIST_FILE = RecordsOfConsumption/Info.plist;
				LD_RUNPATH_SEARCH_PATHS = "$(inherited) @executable_path/Frameworks";
				PRODUCT_NAME = "$(TARGET_NAME)";
			};
			name = Debug;
		};
		03C5EE1D1B202BD7008BDDEC /* Release */ = {
			isa = XCBuildConfiguration;
			buildSettings = {
				ASSETCATALOG_COMPILER_APPICON_NAME = AppIcon;
				INFOPLIST_FILE = RecordsOfConsumption/Info.plist;
				LD_RUNPATH_SEARCH_PATHS = "$(inherited) @executable_path/Frameworks";
				PRODUCT_NAME = "$(TARGET_NAME)";
			};
			name = Release;
		};
		03C5EE1F1B202BD7008BDDEC /* Debug */ = {
			isa = XCBuildConfiguration;
			buildSettings = {
				BUNDLE_LOADER = "$(TEST_HOST)";
				FRAMEWORK_SEARCH_PATHS = (
					"$(SDKROOT)/Developer/Library/Frameworks",
					"$(inherited)",
				);
				GCC_PREPROCESSOR_DEFINITIONS = (
					"DEBUG=1",
					"$(inherited)",
				);
				INFOPLIST_FILE = RecordsOfConsumptionTests/Info.plist;
				LD_RUNPATH_SEARCH_PATHS = "$(inherited) @executable_path/Frameworks @loader_path/Frameworks";
				PRODUCT_NAME = "$(TARGET_NAME)";
				TEST_HOST = "$(BUILT_PRODUCTS_DIR)/RecordsOfConsumption.app/RecordsOfConsumption";
			};
			name = Debug;
		};
		03C5EE201B202BD7008BDDEC /* Release */ = {
			isa = XCBuildConfiguration;
			buildSettings = {
				BUNDLE_LOADER = "$(TEST_HOST)";
				FRAMEWORK_SEARCH_PATHS = (
					"$(SDKROOT)/Developer/Library/Frameworks",
					"$(inherited)",
				);
				INFOPLIST_FILE = RecordsOfConsumptionTests/Info.plist;
				LD_RUNPATH_SEARCH_PATHS = "$(inherited) @executable_path/Frameworks @loader_path/Frameworks";
				PRODUCT_NAME = "$(TARGET_NAME)";
				TEST_HOST = "$(BUILT_PRODUCTS_DIR)/RecordsOfConsumption.app/RecordsOfConsumption";
			};
			name = Release;
		};
/* End XCBuildConfiguration section */

/* Begin XCConfigurationList section */
		03C5EDF31B202BD7008BDDEC /* Build configuration list for PBXProject "RecordsOfConsumption" */ = {
			isa = XCConfigurationList;
			buildConfigurations = (
				03C5EE191B202BD7008BDDEC /* Debug */,
				03C5EE1A1B202BD7008BDDEC /* Release */,
			);
			defaultConfigurationIsVisible = 0;
			defaultConfigurationName = Release;
		};
		03C5EE1B1B202BD7008BDDEC /* Build configuration list for PBXNativeTarget "RecordsOfConsumption" */ = {
			isa = XCConfigurationList;
			buildConfigurations = (
				03C5EE1C1B202BD7008BDDEC /* Debug */,
				03C5EE1D1B202BD7008BDDEC /* Release */,
			);
			defaultConfigurationIsVisible = 0;
		};
		03C5EE1E1B202BD7008BDDEC /* Build configuration list for PBXNativeTarget "RecordsOfConsumptionTests" */ = {
			isa = XCConfigurationList;
			buildConfigurations = (
				03C5EE1F1B202BD7008BDDEC /* Debug */,
				03C5EE201B202BD7008BDDEC /* Release */,
			);
			defaultConfigurationIsVisible = 0;
		};
/* End XCConfigurationList section */
	};
	rootObject = 03C5EDF01B202BD7008BDDEC /* Project object */;
}
